{
  "version": 4,
  "terraform_version": "1.14.3",
  "serial": 9,
  "lineage": "014982ad-b36c-9c34-f277-859bc1951b25",
  "outputs": {},
  "resources": [
    {
      "mode": "managed",
      "type": "local_file",
      "name": "tf_example1",
      "provider": "provider[\"registry.terraform.io/hashicorp/local\"]",
      "instances": [
        {
          "schema_version": 0,
          "attributes": {
            "content": "Hey, this is the terraform course!. Miracle is a good learner.",
            "content_base64": null,
            "content_base64sha256": "nIOfsurCK4su+SzjauoTGGGvoaqFO8Q7jf/aaEDH8Dk=",
            "content_base64sha512": "fYAmkkMldrlJUZh21ZlEU9v3PtD4aiH6YdcFKQzGTuVQXmMNA71MpBUT4YVttsoTjClqk2N4C51PQFUL/WlkTw==",
            "content_md5": "5c59d60830d0ad7619a4393287f03855",
            "content_sha1": "a300fe608d73929749cd248c549bc59905552f06",
            "content_sha256": "9c839fb2eac22b8b2ef92ce36aea131861afa1aa853bc43b8dffda6840c7f039",
            "content_sha512": "7d802692432576b949519876d5994453dbf73ed0f86a21fa61d705290cc64ee5505e630d03bd4ca41513e1856db6ca138c296a9363780b9d4f40550bfd69644f",
            "directory_permission": "0777",
            "file_permission": "0777",
            "filename": "/home/techgirli/Downloads/terraform/01-basics/tf_example1.txt",
            "id": "a300fe608d73929749cd248c549bc59905552f06",
            "sensitive_content": null,
            "source": null
          },
          "sensitive_attributes": [
            [
              {
                "type": "get_attr",
                "value": "sensitive_content"
              }
            ]
          ],
          "identity_schema_version": 0
        }
      ]
    },
    {
      "mode": "managed",
      "type": "local_sensitive_file",
      "name": "tf_example2",
      "provider": "provider[\"registry.terraform.io/hashicorp/local\"]",
      "instances": [
        {
          "schema_version": 0,
          "attributes": {
            "content": "This is sensitive information!",
            "content_base64": null,
            "content_base64sha256": "s6NkJgmHjEiF35PaEJ+q3wlFP841gQESH2Kz1PC5LPo=",
            "content_base64sha512": "suO1cwL2XCQB9hZ+6MmbOhTWFI7lydVtXwxE81Lelf/RHqef5B9m1TtHWsDm1eEZjggPH8KRNMROobSc8FIoZA==",
            "content_md5": "f85c711fad419645c85e8d9cf0941b82",
            "content_sha1": "2d80417726220d8a98251fd38f206ceafae62c34",
            "content_sha256": "b3a3642609878c4885df93da109faadf09453fce358101121f62b3d4f0b92cfa",
            "content_sha512": "b2e3b57302f65c2401f6167ee8c99b3a14d6148ee5c9d56d5f0c44f352de95ffd11ea79fe41f66d53b475ac0e6d5e1198e080f1fc29134c44ea1b49cf0522864",
            "directory_permission": "0700",
            "file_permission": "0700",
            "filename": "./sensitive.txt",
            "id": "2d80417726220d8a98251fd38f206ceafae62c34",
            "source": null
          },
          "sensitive_attributes": [
            [
              {
                "type": "get_attr",
                "value": "content"
              }
            ],
            [
              {
                "type": "get_attr",
                "value": "content_base64"
              }
            ]
          ],
          "identity_schema_version": 0
        }
      ]
    }
  ],
  "check_results": null
}
