{
  "version": 4,
  "terraform_version": "1.14.2",
  "serial": 1,
  "lineage": "014982ad-b36c-9c34-f277-859bc1951b25",
  "outputs": {},
  "resources": [
    {
      "mode": "managed",
      "type": "local_file",
      "name": "tf_example1",
      "provider": "provider[\"registry.terraform.io/hashicorp/local\"]",
      "instances": [
        {
          "schema_version": 0,
          "attributes": {
            "content": "Hey, this is the terraform course!",
            "content_base64": null,
            "content_base64sha256": "FE9pCauJLVQza7eL7Ub7I9/sFcqY8XhUQWV+/2Rtv2M=",
            "content_base64sha512": "Iohw/eXy6ymMaVqFk1wqtHjYKMvpADudxobMAm7bJObXHmvAJ/HtWnVXw7YEWkGmiz1OHByIMeNQWDmhuE8wSw==",
            "content_md5": "cadba9c4212263be0dac102f73514d1d",
            "content_sha1": "d04172cb72e4028224bbeecd2c8234e177cdac15",
            "content_sha256": "144f6909ab892d54336bb78bed46fb23dfec15ca98f1785441657eff646dbf63",
            "content_sha512": "228870fde5f2eb298c695a85935c2ab478d828cbe9003b9dc686cc026edb24e6d71e6bc027f1ed5a7557c3b6045a41a68b3d4e1c1c8831e3505839a1b84f304b",
            "directory_permission": "0777",
            "file_permission": "0777",
            "filename": "/home/techgirli/Downloads/terraform/01-basics/tf_example1.txt",
            "id": "d04172cb72e4028224bbeecd2c8234e177cdac15",
            "sensitive_content": null,
            "source": null
          },
          "sensitive_attributes": [
            [
              {
                "type": "get_attr",
                "value": "sensitive_content"
              }
            ]
          ],
          "identity_schema_version": 0
        }
      ]
    }
  ],
  "check_results": null
}
