{
  "version": 4,
  "terraform_version": "1.14.3",
  "serial": 22,
  "lineage": "014982ad-b36c-9c34-f277-859bc1951b25",
  "outputs": {},
  "resources": [
    {
      "mode": "managed",
      "type": "local_file",
      "name": "tf_example1",
      "provider": "provider[\"registry.terraform.io/hashicorp/local\"]",
      "instances": [
        {
          "schema_version": 0,
          "attributes": {
            "content": "Hey, this is the terraform course!. Miracle is a good learner.",
            "content_base64": null,
            "content_base64sha256": "nIOfsurCK4su+SzjauoTGGGvoaqFO8Q7jf/aaEDH8Dk=",
            "content_base64sha512": "fYAmkkMldrlJUZh21ZlEU9v3PtD4aiH6YdcFKQzGTuVQXmMNA71MpBUT4YVttsoTjClqk2N4C51PQFUL/WlkTw==",
            "content_md5": "5c59d60830d0ad7619a4393287f03855",
            "content_sha1": "a300fe608d73929749cd248c549bc59905552f06",
            "content_sha256": "9c839fb2eac22b8b2ef92ce36aea131861afa1aa853bc43b8dffda6840c7f039",
            "content_sha512": "7d802692432576b949519876d5994453dbf73ed0f86a21fa61d705290cc64ee5505e630d03bd4ca41513e1856db6ca138c296a9363780b9d4f40550bfd69644f",
            "directory_permission": "0777",
            "file_permission": "0777",
            "filename": "/home/techgirli/Downloads/terraform/01-basics/example1.txt",
            "id": "a300fe608d73929749cd248c549bc59905552f06",
            "sensitive_content": null,
            "source": null
          },
          "sensitive_attributes": [
            [
              {
                "type": "get_attr",
                "value": "sensitive_content"
              }
            ]
          ],
          "identity_schema_version": 0
        }
      ]
    },
    {
      "mode": "managed",
      "type": "local_file",
      "name": "tf_example2",
      "provider": "provider[\"registry.terraform.io/hashicorp/local\"]",
      "instances": [
        {
          "schema_version": 0,
          "attributes": {
            "content": " this is another example of local file resource in terraform 2",
            "content_base64": null,
            "content_base64sha256": "jalenB+Eo+8I5UsRGIP/OOExefvfKplk5gDoaib29ew=",
            "content_base64sha512": "DbzLh4l1V+9kvF0/eMrgEVero6drZafAnYqPfwUxMdximMRmtAx1wU0ub6RGpatRm0kpAkwQjOtDmH/184Ifgg==",
            "content_md5": "7e4a5bf5e9e30a92908d11b47f863bae",
            "content_sha1": "2ab6d6afd19a8c0c75b3a6e619eccb4ba9ccde43",
            "content_sha256": "8da95e9c1f84a3ef08e54b111883ff38e13179fbdf2a9964e600e86a26f6f5ec",
            "content_sha512": "0dbccb87897557ef64bc5d3f78cae01157aba3a76b65a7c09d8a8f7f053131dc6298c466b40c75c14d2e6fa446a5ab519b4929024c108ceb43987ff5f3821f82",
            "directory_permission": "0777",
            "file_permission": "0777",
            "filename": "/home/techgirli/Downloads/terraform/01-basics/example2.txt",
            "id": "2ab6d6afd19a8c0c75b3a6e619eccb4ba9ccde43",
            "sensitive_content": null,
            "source": null
          },
          "sensitive_attributes": [
            [
              {
                "type": "get_attr",
                "value": "sensitive_content"
              }
            ]
          ],
          "identity_schema_version": 0
        }
      ]
    },
    {
      "mode": "managed",
      "type": "local_sensitive_file",
      "name": "tf_sensitive_example",
      "provider": "provider[\"registry.terraform.io/hashicorp/local\"]",
      "instances": [
        {
          "schema_version": 0,
          "attributes": {
            "content": "This is a sensitive file content. Handle with care!",
            "content_base64": null,
            "content_base64sha256": "iRVsw9c0PXF2WMMaDSu/gZtdBo6Ss6Y4jGh7Vnz62DQ=",
            "content_base64sha512": "Ns8x5cBJQ7mvwTAVBgqahJ3RKifpD6P/BZmx6N/Hrp5jRff/KmIzUSDoJIGp9/DcYtBgYh2EwKlPPsHZ9m62iw==",
            "content_md5": "06294bc68a3e74a5f0ae093e8088d872",
            "content_sha1": "59b0c4a5dc94bdc58856bf8bfd96bd2ba6302159",
            "content_sha256": "89156cc3d7343d717658c31a0d2bbf819b5d068e92b3a6388c687b567cfad834",
            "content_sha512": "36cf31e5c04943b9afc13015060a9a849dd12a27e90fa3ff0599b1e8dfc7ae9e6345f7ff2a62335120e82481a9f7f0dc62d060621d84c0a94f3ec1d9f66eb68b",
            "directory_permission": "0700",
            "file_permission": "0700",
            "filename": "/home/techgirli/Downloads/terraform/01-basics/sensitive_example.txt",
            "id": "59b0c4a5dc94bdc58856bf8bfd96bd2ba6302159",
            "source": null
          },
          "sensitive_attributes": [
            [
              {
                "type": "get_attr",
                "value": "content"
              }
            ],
            [
              {
                "type": "get_attr",
                "value": "content_base64"
              }
            ]
          ],
          "identity_schema_version": 0
        }
      ]
    }
  ],
  "check_results": null
}
