{
  "version": 4,
  "terraform_version": "1.14.3",
  "serial": 4,
  "lineage": "37982013-3bc4-64ca-0358-18c7eb9d4eb0",
  "outputs": {},
  "resources": [
    {
      "mode": "managed",
      "type": "local_file",
      "name": "tf_example1",
      "provider": "provider[\"registry.terraform.io/hashicorp/local\"]",
      "instances": [
        {
          "index_key": 0,
          "schema_version": 0,
          "attributes": {
            "content": "Hey, this is the terraform course!. Miracle is a good learner.",
            "content_base64": null,
            "content_base64sha256": "nIOfsurCK4su+SzjauoTGGGvoaqFO8Q7jf/aaEDH8Dk=",
            "content_base64sha512": "fYAmkkMldrlJUZh21ZlEU9v3PtD4aiH6YdcFKQzGTuVQXmMNA71MpBUT4YVttsoTjClqk2N4C51PQFUL/WlkTw==",
            "content_md5": "5c59d60830d0ad7619a4393287f03855",
            "content_sha1": "a300fe608d73929749cd248c549bc59905552f06",
            "content_sha256": "9c839fb2eac22b8b2ef92ce36aea131861afa1aa853bc43b8dffda6840c7f039",
            "content_sha512": "7d802692432576b949519876d5994453dbf73ed0f86a21fa61d705290cc64ee5505e630d03bd4ca41513e1856db6ca138c296a9363780b9d4f40550bfd69644f",
            "directory_permission": "0777",
            "file_permission": "0777",
            "filename": "./example1.demo",
            "id": "a300fe608d73929749cd248c549bc59905552f06",
            "sensitive_content": null,
            "source": null
          },
          "sensitive_attributes": [
            [
              {
                "type": "get_attr",
                "value": "sensitive_content"
              }
            ]
          ],
          "identity_schema_version": 0
        },
        {
          "index_key": 1,
          "schema_version": 0,
          "attributes": {
            "content": "Hey, this is the terraform course!. Miracle is a good learner.",
            "content_base64": null,
            "content_base64sha256": "nIOfsurCK4su+SzjauoTGGGvoaqFO8Q7jf/aaEDH8Dk=",
            "content_base64sha512": "fYAmkkMldrlJUZh21ZlEU9v3PtD4aiH6YdcFKQzGTuVQXmMNA71MpBUT4YVttsoTjClqk2N4C51PQFUL/WlkTw==",
            "content_md5": "5c59d60830d0ad7619a4393287f03855",
            "content_sha1": "a300fe608d73929749cd248c549bc59905552f06",
            "content_sha256": "9c839fb2eac22b8b2ef92ce36aea131861afa1aa853bc43b8dffda6840c7f039",
            "content_sha512": "7d802692432576b949519876d5994453dbf73ed0f86a21fa61d705290cc64ee5505e630d03bd4ca41513e1856db6ca138c296a9363780b9d4f40550bfd69644f",
            "directory_permission": "0777",
            "file_permission": "0777",
            "filename": "./example1.demo",
            "id": "a300fe608d73929749cd248c549bc59905552f06",
            "sensitive_content": null,
            "source": null
          },
          "sensitive_attributes": [
            [
              {
                "type": "get_attr",
                "value": "sensitive_content"
              }
            ]
          ],
          "identity_schema_version": 0
        }
      ]
    },
    {
      "mode": "managed",
      "type": "local_file",
      "name": "tf_example2",
      "provider": "provider[\"registry.terraform.io/hashicorp/local\"]",
      "instances": [
        {
          "schema_version": 0,
          "attributes": {
            "content": "Hey, this is the terraform course!. Miracle is a good learner.",
            "content_base64": null,
            "content_base64sha256": "nIOfsurCK4su+SzjauoTGGGvoaqFO8Q7jf/aaEDH8Dk=",
            "content_base64sha512": "fYAmkkMldrlJUZh21ZlEU9v3PtD4aiH6YdcFKQzGTuVQXmMNA71MpBUT4YVttsoTjClqk2N4C51PQFUL/WlkTw==",
            "content_md5": "5c59d60830d0ad7619a4393287f03855",
            "content_sha1": "a300fe608d73929749cd248c549bc59905552f06",
            "content_sha256": "9c839fb2eac22b8b2ef92ce36aea131861afa1aa853bc43b8dffda6840c7f039",
            "content_sha512": "7d802692432576b949519876d5994453dbf73ed0f86a21fa61d705290cc64ee5505e630d03bd4ca41513e1856db6ca138c296a9363780b9d4f40550bfd69644f",
            "directory_permission": "0777",
            "file_permission": "0777",
            "filename": "./example2.txt",
            "id": "a300fe608d73929749cd248c549bc59905552f06",
            "sensitive_content": null,
            "source": null
          },
          "sensitive_attributes": [
            [
              {
                "type": "get_attr",
                "value": "sensitive_content"
              }
            ]
          ],
          "identity_schema_version": 0
        }
      ]
    },
    {
      "mode": "managed",
      "type": "local_file",
      "name": "tf_example3",
      "provider": "provider[\"registry.terraform.io/hashicorp/local\"]",
      "instances": [
        {
          "schema_version": 0,
          "attributes": {
            "content": "Hey, this is the terraform course!. Miracle is a good learner.",
            "content_base64": null,
            "content_base64sha256": "nIOfsurCK4su+SzjauoTGGGvoaqFO8Q7jf/aaEDH8Dk=",
            "content_base64sha512": "fYAmkkMldrlJUZh21ZlEU9v3PtD4aiH6YdcFKQzGTuVQXmMNA71MpBUT4YVttsoTjClqk2N4C51PQFUL/WlkTw==",
            "content_md5": "5c59d60830d0ad7619a4393287f03855",
            "content_sha1": "a300fe608d73929749cd248c549bc59905552f06",
            "content_sha256": "9c839fb2eac22b8b2ef92ce36aea131861afa1aa853bc43b8dffda6840c7f039",
            "content_sha512": "7d802692432576b949519876d5994453dbf73ed0f86a21fa61d705290cc64ee5505e630d03bd4ca41513e1856db6ca138c296a9363780b9d4f40550bfd69644f",
            "directory_permission": "0777",
            "file_permission": "0777",
            "filename": "./example3.md",
            "id": "a300fe608d73929749cd248c549bc59905552f06",
            "sensitive_content": null,
            "source": null
          },
          "sensitive_attributes": [
            [
              {
                "type": "get_attr",
                "value": "sensitive_content"
              }
            ]
          ],
          "identity_schema_version": 0
        }
      ]
    },
    {
      "mode": "managed",
      "type": "local_file",
      "name": "tf_example4",
      "provider": "provider[\"registry.terraform.io/hashicorp/local\"]",
      "instances": [
        {
          "schema_version": 0,
          "attributes": {
            "content": "Hey, this is the terraform course!. Miracle is a good learner.",
            "content_base64": null,
            "content_base64sha256": "nIOfsurCK4su+SzjauoTGGGvoaqFO8Q7jf/aaEDH8Dk=",
            "content_base64sha512": "fYAmkkMldrlJUZh21ZlEU9v3PtD4aiH6YdcFKQzGTuVQXmMNA71MpBUT4YVttsoTjClqk2N4C51PQFUL/WlkTw==",
            "content_md5": "5c59d60830d0ad7619a4393287f03855",
            "content_sha1": "a300fe608d73929749cd248c549bc59905552f06",
            "content_sha256": "9c839fb2eac22b8b2ef92ce36aea131861afa1aa853bc43b8dffda6840c7f039",
            "content_sha512": "7d802692432576b949519876d5994453dbf73ed0f86a21fa61d705290cc64ee5505e630d03bd4ca41513e1856db6ca138c296a9363780b9d4f40550bfd69644f",
            "directory_permission": "0777",
            "file_permission": "0777",
            "filename": "./files/tf_example.md",
            "id": "a300fe608d73929749cd248c549bc59905552f06",
            "sensitive_content": null,
            "source": null
          },
          "sensitive_attributes": [
            [
              {
                "type": "get_attr",
                "value": "sensitive_content"
              }
            ]
          ],
          "identity_schema_version": 0
        }
      ]
    }
  ],
  "check_results": null
}
